// !$*UTF8*$!
{
	archiveVersion = 1;
	classes = {
	};
	objectVersion = 46;
	objects = {

/* Begin PBXBuildFile section */
		A7B086331BA243C2000DE495 /* AppDelegate.swift in Sources */ = {isa = PBXBuildFile; fileRef = A7B086321BA243C2000DE495 /* AppDelegate.swift */; };
		A7B086351BA243C2000DE495 /* AddViewController.swift in Sources */ = {isa = PBXBuildFile; fileRef = A7B086341BA243C2000DE495 /* AddViewController.swift */; };
		A7B086381BA243C2000DE495 /* Main.storyboard in Resources */ = {isa = PBXBuildFile; fileRef = A7B086361BA243C2000DE495 /* Main.storyboard */; };
		A7B0863A1BA243C2000DE495 /* Images.xcassets in Resources */ = {isa = PBXBuildFile; fileRef = A7B086391BA243C2000DE495 /* Images.xcassets */; };
		A7B0863D1BA243C2000DE495 /* LaunchScreen.xib in Resources */ = {isa = PBXBuildFile; fileRef = A7B0863B1BA243C2000DE495 /* LaunchScreen.xib */; };
		A7B086491BA243C2000DE495 /* ScavengerHuntTests.swift in Sources */ = {isa = PBXBuildFile; fileRef = A7B086481BA243C2000DE495 /* ScavengerHuntTests.swift */; };
		A7B086531BA258EB000DE495 /* ListViewController.swift in Sources */ = {isa = PBXBuildFile; fileRef = A7B086521BA258EB000DE495 /* ListViewController.swift */; };
		A7B086551BA2723E000DE495 /* ScavengerHuntItem.swift in Sources */ = {isa = PBXBuildFile; fileRef = A7B086541BA2723E000DE495 /* ScavengerHuntItem.swift */; };
		A7B086571BA281EA000DE495 /* ItemsManager.swift in Sources */ = {isa = PBXBuildFile; fileRef = A7B086561BA281EA000DE495 /* ItemsManager.swift */; };
/* End PBXBuildFile section */

/* Begin PBXContainerItemProxy section */
		A7B086431BA243C2000DE495 /* PBXContainerItemProxy */ = {
			isa = PBXContainerItemProxy;
			containerPortal = A7B086251BA243C2000DE495 /* Project object */;
			proxyType = 1;
			remoteGlobalIDString = A7B0862C1BA243C2000DE495;
			remoteInfo = ScavengerHunt;
		};
/* End PBXContainerItemProxy section */

/* Begin PBXFileReference section */
		A7B0862D1BA243C2000DE495 /* ScavengerHunt.app */ = {isa = PBXFileReference; explicitFileType = wrapper.application; includeInIndex = 0; path = ScavengerHunt.app; sourceTree = BUILT_PRODUCTS_DIR; };
		A7B086311BA243C2000DE495 /* Info.plist */ = {isa = PBXFileReference; lastKnownFileType = text.plist.xml; path = Info.plist; sourceTree = "<group>"; };
		A7B086321BA243C2000DE495 /* AppDelegate.swift */ = {isa = PBXFileReference; lastKnownFileType = sourcecode.swift; path = AppDelegate.swift; sourceTree = "<group>"; };
		A7B086341BA243C2000DE495 /* AddViewController.swift */ = {isa = PBXFileReference; lastKnownFileType = sourcecode.swift; path = AddViewController.swift; sourceTree = "<group>"; };
		A7B086371BA243C2000DE495 /* Base */ = {isa = PBXFileReference; lastKnownFileType = file.storyboard; name = Base; path = Base.lproj/Main.storyboard; sourceTree = "<group>"; };
		A7B086391BA243C2000DE495 /* Images.xcassets */ = {isa = PBXFileReference; lastKnownFileType = folder.assetcatalog; path = Images.xcassets; sourceTree = "<group>"; };
		A7B0863C1BA243C2000DE495 /* Base */ = {isa = PBXFileReference; lastKnownFileType = file.xib; name = Base; path = Base.lproj/LaunchScreen.xib; sourceTree = "<group>"; };
		A7B086421BA243C2000DE495 /* ScavengerHuntTests.xctest */ = {isa = PBXFileReference; explicitFileType = wrapper.cfbundle; includeInIndex = 0; path = ScavengerHuntTests.xctest; sourceTree = BUILT_PRODUCTS_DIR; };
		A7B086471BA243C2000DE495 /* Info.plist */ = {isa = PBXFileReference; lastKnownFileType = text.plist.xml; path = Info.plist; sourceTree = "<group>"; };
		A7B086481BA243C2000DE495 /* ScavengerHuntTests.swift */ = {isa = PBXFileReference; lastKnownFileType = sourcecode.swift; path = ScavengerHuntTests.swift; sourceTree = "<group>"; };
		A7B086521BA258EB000DE495 /* ListViewController.swift */ = {isa = PBXFileReference; fileEncoding = 4; lastKnownFileType = sourcecode.swift; path = ListViewController.swift; sourceTree = "<group>"; };
		A7B086541BA2723E000DE495 /* ScavengerHuntItem.swift */ = {isa = PBXFileReference; fileEncoding = 4; lastKnownFileType = sourcecode.swift; path = ScavengerHuntItem.swift; sourceTree = "<group>"; };
		A7B086561BA281EA000DE495 /* ItemsManager.swift */ = {isa = PBXFileReference; fileEncoding = 4; lastKnownFileType = sourcecode.swift; path = ItemsManager.swift; sourceTree = "<group>"; };
/* End PBXFileReference section */

/* Begin PBXFrameworksBuildPhase section */
		A7B0862A1BA243C2000DE495 /* Frameworks */ = {
			isa = PBXFrameworksBuildPhase;
			buildActionMask = 2147483647;
			files = (
			);
			runOnlyForDeploymentPostprocessing = 0;
		};
		A7B0863F1BA243C2000DE495 /* Frameworks */ = {
			isa = PBXFrameworksBuildPhase;
			buildActionMask = 2147483647;
			files = (
			);
			runOnlyForDeploymentPostprocessing = 0;
		};
/* End PBXFrameworksBuildPhase section */

/* Begin PBXGroup section */
		A7B086241BA243C2000DE495 = {
			isa = PBXGroup;
			children = (
				A7B0862F1BA243C2000DE495 /* ScavengerHunt */,
				A7B086451BA243C2000DE495 /* ScavengerHuntTests */,
				A7B0862E1BA243C2000DE495 /* Products */,
			);
			sourceTree = "<group>";
		};
		A7B0862E1BA243C2000DE495 /* Products */ = {
			isa = PBXGroup;
			children = (
				A7B0862D1BA243C2000DE495 /* ScavengerHunt.app */,
				A7B086421BA243C2000DE495 /* ScavengerHuntTests.xctest */,
			);
			name = Products;
			sourceTree = "<group>";
		};
		A7B0862F1BA243C2000DE495 /* ScavengerHunt */ = {
			isa = PBXGroup;
			children = (
				A7B086321BA243C2000DE495 /* AppDelegate.swift */,
				A7B086341BA243C2000DE495 /* AddViewController.swift */,
				A7B086361BA243C2000DE495 /* Main.storyboard */,
				A7B086541BA2723E000DE495 /* ScavengerHuntItem.swift */,
				A7B086561BA281EA000DE495 /* ItemsManager.swift */,
				A7B086521BA258EB000DE495 /* ListViewController.swift */,
				A7B086391BA243C2000DE495 /* Images.xcassets */,
				A7B0863B1BA243C2000DE495 /* LaunchScreen.xib */,
				A7B086301BA243C2000DE495 /* Supporting Files */,
			);
			path = ScavengerHunt;
			sourceTree = "<group>";
		};
		A7B086301BA243C2000DE495 /* Supporting Files */ = {
			isa = PBXGroup;
			children = (
				A7B086311BA243C2000DE495 /* Info.plist */,
			);
			name = "Supporting Files";
			sourceTree = "<group>";
		};
		A7B086451BA243C2000DE495 /* ScavengerHuntTests */ = {
			isa = PBXGroup;
			children = (
				A7B086481BA243C2000DE495 /* ScavengerHuntTests.swift */,
				A7B086461BA243C2000DE495 /* Supporting Files */,
			);
			path = ScavengerHuntTests;
			sourceTree = "<group>";
		};
		A7B086461BA243C2000DE495 /* Supporting Files */ = {
			isa = PBXGroup;
			children = (
				A7B086471BA243C2000DE495 /* Info.plist */,
			);
			name = "Supporting Files";
			sourceTree = "<group>";
		};
/* End PBXGroup section */

/* Begin PBXNativeTarget section */
		A7B0862C1BA243C2000DE495 /* ScavengerHunt */ = {
			isa = PBXNativeTarget;
			buildConfigurationList = A7B0864C1BA243C2000DE495 /* Build configuration list for PBXNativeTarget "ScavengerHunt" */;
			buildPhases = (
				A7B086291BA243C2000DE495 /* Sources */,
				A7B0862A1BA243C2000DE495 /* Frameworks */,
				A7B0862B1BA243C2000DE495 /* Resources */,
			);
			buildRules = (
			);
			dependencies = (
			);
			name = ScavengerHunt;
			productName = ScavengerHunt;
			productReference = A7B0862D1BA243C2000DE495 /* ScavengerHunt.app */;
			productType = "com.apple.product-type.application";
		};
		A7B086411BA243C2000DE495 /* ScavengerHuntTests */ = {
			isa = PBXNativeTarget;
			buildConfigurationList = A7B0864F1BA243C2000DE495 /* Build configuration list for PBXNativeTarget "ScavengerHuntTests" */;
			buildPhases = (
				A7B0863E1BA243C2000DE495 /* Sources */,
				A7B0863F1BA243C2000DE495 /* Frameworks */,
				A7B086401BA243C2000DE495 /* Resources */,
			);
			buildRules = (
			);
			dependencies = (
				A7B086441BA243C2000DE495 /* PBXTargetDependency */,
			);
			name = ScavengerHuntTests;
			productName = ScavengerHuntTests;
			productReference = A7B086421BA243C2000DE495 /* ScavengerHuntTests.xctest */;
			productType = "com.apple.product-type.bundle.unit-test";
		};
/* End PBXNativeTarget section */

/* Begin PBXProject section */
		A7B086251BA243C2000DE495 /* Project object */ = {
			isa = PBXProject;
			attributes = {
				LastUpgradeCheck = 0610;
				ORGANIZATIONNAME = "Katy Feaver";
				TargetAttributes = {
					A7B0862C1BA243C2000DE495 = {
						CreatedOnToolsVersion = 6.1.1;
					};
					A7B086411BA243C2000DE495 = {
						CreatedOnToolsVersion = 6.1.1;
						TestTargetID = A7B0862C1BA243C2000DE495;
					};
				};
			};
			buildConfigurationList = A7B086281BA243C2000DE495 /* Build configuration list for PBXProject "ScavengerHunt" */;
			compatibilityVersion = "Xcode 3.2";
			developmentRegion = English;
			hasScannedForEncodings = 0;
			knownRegions = (
				en,
				Base,
			);
			mainGroup = A7B086241BA243C2000DE495;
			productRefGroup = A7B0862E1BA243C2000DE495 /* Products */;
			projectDirPath = "";
			projectRoot = "";
			targets = (
				A7B0862C1BA243C2000DE495 /* ScavengerHunt */,
				A7B086411BA243C2000DE495 /* ScavengerHuntTests */,
			);
		};
/* End PBXProject section */

/* Begin PBXResourcesBuildPhase section */
		A7B0862B1BA243C2000DE495 /* Resources */ = {
			isa = PBXResourcesBuildPhase;
			buildActionMask = 2147483647;
			files = (
				A7B086381BA243C2000DE495 /* Main.storyboard in Resources */,
				A7B0863D1BA243C2000DE495 /* LaunchScreen.xib in Resources */,
				A7B0863A1BA243C2000DE495 /* Images.xcassets in Resources */,
			);
			runOnlyForDeploymentPostprocessing = 0;
		};
		A7B086401BA243C2000DE495 /* Resources */ = {
			isa = PBXResourcesBuildPhase;
			buildActionMask = 2147483647;
			files = (
			);
			runOnlyForDeploymentPostprocessing = 0;
		};
/* End PBXResourcesBuildPhase section */

/* Begin PBXSourcesBuildPhase section */
		A7B086291BA243C2000DE495 /* Sources */ = {
			isa = PBXSourcesBuildPhase;
			buildActionMask = 2147483647;
			files = (
				A7B086351BA243C2000DE495 /* AddViewController.swift in Sources */,
				A7B086331BA243C2000DE495 /* AppDelegate.swift in Sources */,
				A7B086551BA2723E000DE495 /* ScavengerHuntItem.swift in Sources */,
				A7B086531BA258EB000DE495 /* ListViewController.swift in Sources */,
				A7B086571BA281EA000DE495 /* ItemsManager.swift in Sources */,
			);
			runOnlyForDeploymentPostprocessing = 0;
		};
		A7B0863E1BA243C2000DE495 /* Sources */ = {
			isa = PBXSourcesBuildPhase;
			buildActionMask = 2147483647;
			files = (
				A7B086491BA243C2000DE495 /* ScavengerHuntTests.swift in Sources */,
			);
			runOnlyForDeploymentPostprocessing = 0;
		};
/* End PBXSourcesBuildPhase section */

/* Begin PBXTargetDependency section */
		A7B086441BA243C2000DE495 /* PBXTargetDependency */ = {
			isa = PBXTargetDependency;
			target = A7B0862C1BA243C2000DE495 /* ScavengerHunt */;
			targetProxy = A7B086431BA243C2000DE495 /* PBXContainerItemProxy */;
		};
/* End PBXTargetDependency section */

/* Begin PBXVariantGroup section */
		A7B086361BA243C2000DE495 /* Main.storyboard */ = {
			isa = PBXVariantGroup;
			children = (
				A7B086371BA243C2000DE495 /* Base */,
			);
			name = Main.storyboard;
			sourceTree = "<group>";
		};
		A7B0863B1BA243C2000DE495 /* LaunchScreen.xib */ = {
			isa = PBXVariantGroup;
			children = (
				A7B0863C1BA243C2000DE495 /* Base */,
			);
			name = LaunchScreen.xib;
			sourceTree = "<group>";
		};
/* End PBXVariantGroup section */

/* Begin XCBuildConfiguration section */
		A7B0864A1BA243C2000DE495 /* Debug */ = {
			isa = XCBuildConfiguration;
			buildSettings = {
				ALWAYS_SEARCH_USER_PATHS = NO;
				CLANG_CXX_LANGUAGE_STANDARD = "gnu++0x";
				CLANG_CXX_LIBRARY = "libc++";
				CLANG_ENABLE_MODULES = YES;
				CLANG_ENABLE_OBJC_ARC = YES;
				CLANG_WARN_BOOL_CONVERSION = YES;
				CLANG_WARN_CONSTANT_CONVERSION = YES;
				CLANG_WARN_DIRECT_OBJC_ISA_USAGE = YES_ERROR;
				CLANG_WARN_EMPTY_BODY = YES;
				CLANG_WARN_ENUM_CONVERSION = YES;
				CLANG_WARN_INT_CONVERSION = YES;
				CLANG_WARN_OBJC_ROOT_CLASS = YES_ERROR;
				CLANG_WARN_UNREACHABLE_CODE = YES;
				CLANG_WARN__DUPLICATE_METHOD_MATCH = YES;
				"CODE_SIGN_IDENTITY[sdk=iphoneos*]" = "iPhone Developer";
				COPY_PHASE_STRIP = NO;
				ENABLE_STRICT_OBJC_MSGSEND = YES;
				GCC_C_LANGUAGE_STANDARD = gnu99;
				GCC_DYNAMIC_NO_PIC = NO;
				GCC_OPTIMIZATION_LEVEL = 0;
				GCC_PREPROCESSOR_DEFINITIONS = (
					"DEBUG=1",
					"$(inherited)",
				);
				GCC_SYMBOLS_PRIVATE_EXTERN = NO;
				GCC_WARN_64_TO_32_BIT_CONVERSION = YES;
				GCC_WARN_ABOUT_RETURN_TYPE = YES_ERROR;
				GCC_WARN_UNDECLARED_SELECTOR = YES;
				GCC_WARN_UNINITIALIZED_AUTOS = YES_AGGRESSIVE;
				GCC_WARN_UNUSED_FUNCTION = YES;
				GCC_WARN_UNUSED_VARIABLE = YES;
				IPHONEOS_DEPLOYMENT_TARGET = 8.1;
				MTL_ENABLE_DEBUG_INFO = YES;
				ONLY_ACTIVE_ARCH = YES;
				SDKROOT = iphoneos;
				SWIFT_OPTIMIZATION_LEVEL = "-Onone";
				TARGETED_DEVICE_FAMILY = "1,2";
			};
			name = Debug;
		};
		A7B0864B1BA243C2000DE495 /* Release */ = {
			isa = XCBuildConfiguration;
			buildSettings = {
				ALWAYS_SEARCH_USER_PATHS = NO;
				CLANG_CXX_LANGUAGE_STANDARD = "gnu++0x";
				CLANG_CXX_LIBRARY = "libc++";
				CLANG_ENABLE_MODULES = YES;
				CLANG_ENABLE_OBJC_ARC = YES;
				CLANG_WARN_BOOL_CONVERSION = YES;
				CLANG_WARN_CONSTANT_CONVERSION = YES;
				CLANG_WARN_DIRECT_OBJC_ISA_USAGE = YES_ERROR;
				CLANG_WARN_EMPTY_BODY = YES;
				CLANG_WARN_ENUM_CONVERSION = YES;
				CLANG_WARN_INT_CONVERSION = YES;
				CLANG_WARN_OBJC_ROOT_CLASS = YES_ERROR;
				CLANG_WARN_UNREACHABLE_CODE = YES;
				CLANG_WARN__DUPLICATE_METHOD_MATCH = YES;
				"CODE_SIGN_IDENTITY[sdk=iphoneos*]" = "iPhone Developer";
				COPY_PHASE_STRIP = YES;
				ENABLE_NS_ASSERTIONS = NO;
				ENABLE_STRICT_OBJC_MSGSEND = YES;
				GCC_C_LANGUAGE_STANDARD = gnu99;
				GCC_WARN_64_TO_32_BIT_CONVERSION = YES;
				GCC_WARN_ABOUT_RETURN_TYPE = YES_ERROR;
				GCC_WARN_UNDECLARED_SELECTOR = YES;
				GCC_WARN_UNINITIALIZED_AUTOS = YES_AGGRESSIVE;
				GCC_WARN_UNUSED_FUNCTION = YES;
				GCC_WARN_UNUSED_VARIABLE = YES;
				IPHONEOS_DEPLOYMENT_TARGET = 8.1;
				MTL_ENABLE_DEBUG_INFO = NO;
				SDKROOT = iphoneos;
				TARGETED_DEVICE_FAMILY = "1,2";
				VALIDATE_PRODUCT = YES;
			};
			name = Release;
		};
		A7B0864D1BA243C2000DE495 /* Debug */ = {
			isa = XCBuildConfiguration;
			buildSettings = {
				ASSETCATALOG_COMPILER_APPICON_NAME = AppIcon;
				INFOPLIST_FILE = ScavengerHunt/Info.plist;
				LD_RUNPATH_SEARCH_PATHS = "$(inherited) @executable_path/Frameworks";
				PRODUCT_NAME = "$(TARGET_NAME)";
			};
			name = Debug;
		};
		A7B0864E1BA243C2000DE495 /* Release */ = {
			isa = XCBuildConfiguration;
			buildSettings = {
				ASSETCATALOG_COMPILER_APPICON_NAME = AppIcon;
				INFOPLIST_FILE = ScavengerHunt/Info.plist;
				LD_RUNPATH_SEARCH_PATHS = "$(inherited) @executable_path/Frameworks";
				PRODUCT_NAME = "$(TARGET_NAME)";
			};
			name = Release;
		};
		A7B086501BA243C2000DE495 /* Debug */ = {
			isa = XCBuildConfiguration;
			buildSettings = {
				BUNDLE_LOADER = "$(TEST_HOST)";
				FRAMEWORK_SEARCH_PATHS = (
					"$(SDKROOT)/Developer/Library/Frameworks",
					"$(inherited)",
				);
				GCC_PREPROCESSOR_DEFINITIONS = (
					"DEBUG=1",
					"$(inherited)",
				);
				INFOPLIST_FILE = ScavengerHuntTests/Info.plist;
				LD_RUNPATH_SEARCH_PATHS = "$(inherited) @executable_path/Frameworks @loader_path/Frameworks";
				PRODUCT_NAME = "$(TARGET_NAME)";
				TEST_HOST = "$(BUILT_PRODUCTS_DIR)/ScavengerHunt.app/ScavengerHunt";
			};
			name = Debug;
		};
		A7B086511BA243C2000DE495 /* Release */ = {
			isa = XCBuildConfiguration;
			buildSettings = {
				BUNDLE_LOADER = "$(TEST_HOST)";
				FRAMEWORK_SEARCH_PATHS = (
					"$(SDKROOT)/Developer/Library/Frameworks",
					"$(inherited)",
				);
				INFOPLIST_FILE = ScavengerHuntTests/Info.plist;
				LD_RUNPATH_SEARCH_PATHS = "$(inherited) @executable_path/Frameworks @loader_path/Frameworks";
				PRODUCT_NAME = "$(TARGET_NAME)";
				TEST_HOST = "$(BUILT_PRODUCTS_DIR)/ScavengerHunt.app/ScavengerHunt";
			};
			name = Release;
		};
/* End XCBuildConfiguration section */

/* Begin XCConfigurationList section */
		A7B086281BA243C2000DE495 /* Build configuration list for PBXProject "ScavengerHunt" */ = {
			isa = XCConfigurationList;
			buildConfigurations = (
				A7B0864A1BA243C2000DE495 /* Debug */,
				A7B0864B1BA243C2000DE495 /* Release */,
			);
			defaultConfigurationIsVisible = 0;
			defaultConfigurationName = Release;
		};
		A7B0864C1BA243C2000DE495 /* Build configuration list for PBXNativeTarget "ScavengerHunt" */ = {
			isa = XCConfigurationList;
			buildConfigurations = (
				A7B0864D1BA243C2000DE495 /* Debug */,
				A7B0864E1BA243C2000DE495 /* Release */,
			);
			defaultConfigurationIsVisible = 0;
		};
		A7B0864F1BA243C2000DE495 /* Build configuration list for PBXNativeTarget "ScavengerHuntTests" */ = {
			isa = XCConfigurationList;
			buildConfigurations = (
				A7B086501BA243C2000DE495 /* Debug */,
				A7B086511BA243C2000DE495 /* Release */,
			);
			defaultConfigurationIsVisible = 0;
		};
/* End XCConfigurationList section */
	};
	rootObject = A7B086251BA243C2000DE495 /* Project object */;
}
